
Microsoft Visual Studio Solution File, Format Version 12.00
# Visual Studio Version 16
VisualStudioVersion = 16.0.30320.27
MinimumVisualStudioVersion = 10.0.40219.1
Project("{FAE04EC0-301F-11D3-BF4B-00C04F79EFBC}") = "DemoProj", "DemoProj\DemoProj.csproj", "{12FD874C-DB93-4E05-AD47-3F50A6F23207}"
EndProject
Global
	GlobalSection(SolutionConfigurationPlatforms) = preSolution
		Debug|Any CPU = Debug|Any CPU
		Release|Any CPU = Release|Any CPU
	EndGlobalSection
	GlobalSection(ProjectConfigurationPlatforms) = postSolution
		{12FD874C-DB93-4E05-AD47-3F50A6F23207}.Debug|Any CPU.ActiveCfg = Debug|Any CPU
		{12FD874C-DB93-4E05-AD47-3F50A6F23207}.Debug|Any CPU.Build.0 = Debug|Any CPU
		{12FD874C-DB93-4E05-AD47-3F50A6F23207}.Release|Any CPU.ActiveCfg = Release|Any CPU
		{12FD874C-DB93-4E05-AD47-3F50A6F23207}.Release|Any CPU.Build.0 = Release|Any CPU
	EndGlobalSection
	GlobalSection(SolutionProperties) = preSolution
		HideSolutionNode = FALSE
	EndGlobalSection
	GlobalSection(ExtensibilityGlobals) = postSolution
		SolutionGuid = {2131AA8D-1152-4C4C-B1F0-B420C9E6B73D}
	EndGlobalSection
EndGlobal
